
Microsoft Visual Studio Solution File, Format Version 12.00
# Visual Studio Version 17
VisualStudioVersion = 17.14.36401.2
MinimumVisualStudioVersion = 10.0.40219.1
Project("{2150E333-8FDC-42A3-9474-1A3956D46DE8}") = "Services", "Services", "{02EA681E-C7D8-13C7-8484-4AC65E1B71E8}"
EndProject
Project("{2150E333-8FDC-42A3-9474-1A3956D46DE8}") = "Catalog", "Catalog", "{76F038D2-F173-45D4-ACB3-5A682EF964A7}"
EndProject
Project("{FAE04EC0-301F-11D3-BF4B-00C04F79EFBC}") = "Linka.Catalog", "Services\Catalog\Linka.Catalog\Linka.Catalog.csproj", "{D9240976-7D49-453D-B444-1A0244D2CA28}"
EndProject
Project("{2150E333-8FDC-42A3-9474-1A3956D46DE8}") = "Discount", "Discount", "{4C044CAF-5414-4BA1-8C32-3F83C4B6A6CD}"
EndProject
Project("{FAE04EC0-301F-11D3-BF4B-00C04F79EFBC}") = "Linka.Discount", "Services\Discount\Linka.Discount\Linka.Discount.csproj", "{BBEC912E-6B5E-4DCD-AB2A-BBEDFBB038EB}"
EndProject
Project("{2150E333-8FDC-42A3-9474-1A3956D46DE8}") = "Order", "Order", "{9DE61CB1-5442-423C-A6C6-20593F295CD7}"
EndProject
Project("{2150E333-8FDC-42A3-9474-1A3956D46DE8}") = "Core", "Core", "{3074C7C3-250F-427A-A601-058B0ED184F8}"
EndProject
Project("{2150E333-8FDC-42A3-9474-1A3956D46DE8}") = "Infrastructure", "Infrastructure", "{9B628291-566C-4673-90BB-14355B25023A}"
EndProject
Project("{2150E333-8FDC-42A3-9474-1A3956D46DE8}") = "Presentation", "Presentation", "{97EDF747-1920-48A7-B7B4-BD805E735E1C}"
EndProject
Project("{FAE04EC0-301F-11D3-BF4B-00C04F79EFBC}") = "Linka.Order.Domain", "Services\Order\Core\Linka.Order.Domain\Linka.Order.Domain.csproj", "{74DB4564-919D-4E82-ACA4-A5F2B85C7038}"
EndProject
Project("{FAE04EC0-301F-11D3-BF4B-00C04F79EFBC}") = "Linka.Order.Application", "Services\Order\Core\Linka.Order.Application\Linka.Order.Application.csproj", "{1B328D0B-A8E7-4F84-9044-4CF39E8EB5C4}"
EndProject
Project("{FAE04EC0-301F-11D3-BF4B-00C04F79EFBC}") = "Linka.Order.Persistence", "Services\Order\Infrastructure\Linka.Order.Persistence\Linka.Order.Persistence.csproj", "{BAA1C49D-46AB-49C1-A164-68D76298F098}"
EndProject
Project("{FAE04EC0-301F-11D3-BF4B-00C04F79EFBC}") = "Linka.Order.WebApi", "Services\Order\Presentation\Linka.Order.WebApi\Linka.Order.WebApi.csproj", "{606FEE63-BBF3-4A36-B469-FA1ABFE9EB98}"
EndProject
Project("{2150E333-8FDC-42A3-9474-1A3956D46DE8}") = "IdentityServer", "IdentityServer", "{BF02F3ED-2C31-4005-8838-BE21A0E4EAD1}"
EndProject
Project("{FAE04EC0-301F-11D3-BF4B-00C04F79EFBC}") = "Linka.IdentityServer", "IdentityServer\Linka.IdentityServer\Linka.IdentityServer.csproj", "{17CF2A07-77BD-1B4D-6554-D835FEC4204B}"
EndProject
Project("{2150E333-8FDC-42A3-9474-1A3956D46DE8}") = "Cargo", "Cargo", "{366ECB26-414F-45A3-B758-4E49E3E796D6}"
EndProject
Project("{FAE04EC0-301F-11D3-BF4B-00C04F79EFBC}") = "Linka.Cargo.EntityLayer", "Services\Cargo\Linka.Cargo.EntityLayer\Linka.Cargo.EntityLayer.csproj", "{1C184E30-9034-4948-A1F6-AD2334470240}"
EndProject
Project("{FAE04EC0-301F-11D3-BF4B-00C04F79EFBC}") = "Linka.Cargo.BusinessLayer", "Services\Cargo\Linka.Cargo.BusinessLayer\Linka.Cargo.BusinessLayer.csproj", "{7ABBC988-6DA3-44AA-86B2-7D5E0602FC11}"
EndProject
Project("{FAE04EC0-301F-11D3-BF4B-00C04F79EFBC}") = "Linka.Cargo.DataAccessLayer", "Services\Cargo\Linka.Cargo.DataAccessLayer\Linka.Cargo.DataAccessLayer.csproj", "{79E4101F-FAA4-4B49-BB99-7E680C5C65BF}"
EndProject
Project("{FAE04EC0-301F-11D3-BF4B-00C04F79EFBC}") = "Linka.Cargo.DtoLayer", "Services\Cargo\Linka.Cargo.DtoLayer\Linka.Cargo.DtoLayer.csproj", "{A64EED4D-8029-477C-A612-8D616B7C76EC}"
EndProject
Project("{FAE04EC0-301F-11D3-BF4B-00C04F79EFBC}") = "Linka.Cargo.WebApi", "Services\Cargo\Linka.Cargo.WebApi\Linka.Cargo.WebApi.csproj", "{F1CE765C-1E88-45CC-83FD-925F5636DA73}"
EndProject
Project("{2150E333-8FDC-42A3-9474-1A3956D46DE8}") = "Basket", "Basket", "{BED819E8-CEA5-499D-ABA6-729550DD2630}"
EndProject
Project("{FAE04EC0-301F-11D3-BF4B-00C04F79EFBC}") = "Linka.Basket", "Services\Basket\Linka.Basket\Linka.Basket.csproj", "{71E6CF1E-3997-465E-AA5F-2CAC1D9C3F06}"
EndProject
Project("{2150E333-8FDC-42A3-9474-1A3956D46DE8}") = "Frontends", "Frontends", "{D56128B9-6DD8-4A13-A901-EA9477E81B2A}"
EndProject
Project("{FAE04EC0-301F-11D3-BF4B-00C04F79EFBC}") = "Linka.WebUI", "Frontends\Linka.WebUI\Linka.WebUI.csproj", "{D0DF1501-7EF7-483C-8CDB-F947D59D5BF7}"
EndProject
Global
	GlobalSection(SolutionConfigurationPlatforms) = preSolution
		Debug|Any CPU = Debug|Any CPU
		Release|Any CPU = Release|Any CPU
	EndGlobalSection
	GlobalSection(ProjectConfigurationPlatforms) = postSolution
		{D9240976-7D49-453D-B444-1A0244D2CA28}.Debug|Any CPU.ActiveCfg = Debug|Any CPU
		{D9240976-7D49-453D-B444-1A0244D2CA28}.Debug|Any CPU.Build.0 = Debug|Any CPU
		{D9240976-7D49-453D-B444-1A0244D2CA28}.Release|Any CPU.ActiveCfg = Release|Any CPU
		{D9240976-7D49-453D-B444-1A0244D2CA28}.Release|Any CPU.Build.0 = Release|Any CPU
		{BBEC912E-6B5E-4DCD-AB2A-BBEDFBB038EB}.Debug|Any CPU.ActiveCfg = Debug|Any CPU
		{BBEC912E-6B5E-4DCD-AB2A-BBEDFBB038EB}.Debug|Any CPU.Build.0 = Debug|Any CPU
		{BBEC912E-6B5E-4DCD-AB2A-BBEDFBB038EB}.Release|Any CPU.ActiveCfg = Release|Any CPU
		{BBEC912E-6B5E-4DCD-AB2A-BBEDFBB038EB}.Release|Any CPU.Build.0 = Release|Any CPU
		{74DB4564-919D-4E82-ACA4-A5F2B85C7038}.Debug|Any CPU.ActiveCfg = Debug|Any CPU
		{74DB4564-919D-4E82-ACA4-A5F2B85C7038}.Debug|Any CPU.Build.0 = Debug|Any CPU
		{74DB4564-919D-4E82-ACA4-A5F2B85C7038}.Release|Any CPU.ActiveCfg = Release|Any CPU
		{74DB4564-919D-4E82-ACA4-A5F2B85C7038}.Release|Any CPU.Build.0 = Release|Any CPU
		{1B328D0B-A8E7-4F84-9044-4CF39E8EB5C4}.Debug|Any CPU.ActiveCfg = Debug|Any CPU
		{1B328D0B-A8E7-4F84-9044-4CF39E8EB5C4}.Debug|Any CPU.Build.0 = Debug|Any CPU
		{1B328D0B-A8E7-4F84-9044-4CF39E8EB5C4}.Release|Any CPU.ActiveCfg = Release|Any CPU
		{1B328D0B-A8E7-4F84-9044-4CF39E8EB5C4}.Release|Any CPU.Build.0 = Release|Any CPU
		{BAA1C49D-46AB-49C1-A164-68D76298F098}.Debug|Any CPU.ActiveCfg = Debug|Any CPU
		{BAA1C49D-46AB-49C1-A164-68D76298F098}.Debug|Any CPU.Build.0 = Debug|Any CPU
		{BAA1C49D-46AB-49C1-A164-68D76298F098}.Release|Any CPU.ActiveCfg = Release|Any CPU
		{BAA1C49D-46AB-49C1-A164-68D76298F098}.Release|Any CPU.Build.0 = Release|Any CPU
		{606FEE63-BBF3-4A36-B469-FA1ABFE9EB98}.Debug|Any CPU.ActiveCfg = Debug|Any CPU
		{606FEE63-BBF3-4A36-B469-FA1ABFE9EB98}.Debug|Any CPU.Build.0 = Debug|Any CPU
		{606FEE63-BBF3-4A36-B469-FA1ABFE9EB98}.Release|Any CPU.ActiveCfg = Release|Any CPU
		{606FEE63-BBF3-4A36-B469-FA1ABFE9EB98}.Release|Any CPU.Build.0 = Release|Any CPU
		{17CF2A07-77BD-1B4D-6554-D835FEC4204B}.Debug|Any CPU.ActiveCfg = Debug|Any CPU
		{17CF2A07-77BD-1B4D-6554-D835FEC4204B}.Debug|Any CPU.Build.0 = Debug|Any CPU
		{17CF2A07-77BD-1B4D-6554-D835FEC4204B}.Release|Any CPU.ActiveCfg = Release|Any CPU
		{17CF2A07-77BD-1B4D-6554-D835FEC4204B}.Release|Any CPU.Build.0 = Release|Any CPU
		{1C184E30-9034-4948-A1F6-AD2334470240}.Debug|Any CPU.ActiveCfg = Debug|Any CPU
		{1C184E30-9034-4948-A1F6-AD2334470240}.Debug|Any CPU.Build.0 = Debug|Any CPU
		{1C184E30-9034-4948-A1F6-AD2334470240}.Release|Any CPU.ActiveCfg = Release|Any CPU
		{1C184E30-9034-4948-A1F6-AD2334470240}.Release|Any CPU.Build.0 = Release|Any CPU
		{7ABBC988-6DA3-44AA-86B2-7D5E0602FC11}.Debug|Any CPU.ActiveCfg = Debug|Any CPU
		{7ABBC988-6DA3-44AA-86B2-7D5E0602FC11}.Debug|Any CPU.Build.0 = Debug|Any CPU
		{7ABBC988-6DA3-44AA-86B2-7D5E0602FC11}.Release|Any CPU.ActiveCfg = Release|Any CPU
		{7ABBC988-6DA3-44AA-86B2-7D5E0602FC11}.Release|Any CPU.Build.0 = Release|Any CPU
		{79E4101F-FAA4-4B49-BB99-7E680C5C65BF}.Debug|Any CPU.ActiveCfg = Debug|Any CPU
		{79E4101F-FAA4-4B49-BB99-7E680C5C65BF}.Debug|Any CPU.Build.0 = Debug|Any CPU
		{79E4101F-FAA4-4B49-BB99-7E680C5C65BF}.Release|Any CPU.ActiveCfg = Release|Any CPU
		{79E4101F-FAA4-4B49-BB99-7E680C5C65BF}.Release|Any CPU.Build.0 = Release|Any CPU
		{A64EED4D-8029-477C-A612-8D616B7C76EC}.Debug|Any CPU.ActiveCfg = Debug|Any CPU
		{A64EED4D-8029-477C-A612-8D616B7C76EC}.Debug|Any CPU.Build.0 = Debug|Any CPU
		{A64EED4D-8029-477C-A612-8D616B7C76EC}.Release|Any CPU.ActiveCfg = Release|Any CPU
		{A64EED4D-8029-477C-A612-8D616B7C76EC}.Release|Any CPU.Build.0 = Release|Any CPU
		{F1CE765C-1E88-45CC-83FD-925F5636DA73}.Debug|Any CPU.ActiveCfg = Debug|Any CPU
		{F1CE765C-1E88-45CC-83FD-925F5636DA73}.Debug|Any CPU.Build.0 = Debug|Any CPU
		{F1CE765C-1E88-45CC-83FD-925F5636DA73}.Release|Any CPU.ActiveCfg = Release|Any CPU
		{F1CE765C-1E88-45CC-83FD-925F5636DA73}.Release|Any CPU.Build.0 = Release|Any CPU
		{71E6CF1E-3997-465E-AA5F-2CAC1D9C3F06}.Debug|Any CPU.ActiveCfg = Debug|Any CPU
		{71E6CF1E-3997-465E-AA5F-2CAC1D9C3F06}.Debug|Any CPU.Build.0 = Debug|Any CPU
		{71E6CF1E-3997-465E-AA5F-2CAC1D9C3F06}.Release|Any CPU.ActiveCfg = Release|Any CPU
		{71E6CF1E-3997-465E-AA5F-2CAC1D9C3F06}.Release|Any CPU.Build.0 = Release|Any CPU
		{D0DF1501-7EF7-483C-8CDB-F947D59D5BF7}.Debug|Any CPU.ActiveCfg = Debug|Any CPU
		{D0DF1501-7EF7-483C-8CDB-F947D59D5BF7}.Debug|Any CPU.Build.0 = Debug|Any CPU
		{D0DF1501-7EF7-483C-8CDB-F947D59D5BF7}.Release|Any CPU.ActiveCfg = Release|Any CPU
		{D0DF1501-7EF7-483C-8CDB-F947D59D5BF7}.Release|Any CPU.Build.0 = Release|Any CPU
	EndGlobalSection
	GlobalSection(SolutionProperties) = preSolution
		HideSolutionNode = FALSE
	EndGlobalSection
	GlobalSection(NestedProjects) = preSolution
		{76F038D2-F173-45D4-ACB3-5A682EF964A7} = {02EA681E-C7D8-13C7-8484-4AC65E1B71E8}
		{D9240976-7D49-453D-B444-1A0244D2CA28} = {76F038D2-F173-45D4-ACB3-5A682EF964A7}
		{4C044CAF-5414-4BA1-8C32-3F83C4B6A6CD} = {02EA681E-C7D8-13C7-8484-4AC65E1B71E8}
		{BBEC912E-6B5E-4DCD-AB2A-BBEDFBB038EB} = {4C044CAF-5414-4BA1-8C32-3F83C4B6A6CD}
		{9DE61CB1-5442-423C-A6C6-20593F295CD7} = {02EA681E-C7D8-13C7-8484-4AC65E1B71E8}
		{3074C7C3-250F-427A-A601-058B0ED184F8} = {9DE61CB1-5442-423C-A6C6-20593F295CD7}
		{9B628291-566C-4673-90BB-14355B25023A} = {9DE61CB1-5442-423C-A6C6-20593F295CD7}
		{97EDF747-1920-48A7-B7B4-BD805E735E1C} = {9DE61CB1-5442-423C-A6C6-20593F295CD7}
		{74DB4564-919D-4E82-ACA4-A5F2B85C7038} = {3074C7C3-250F-427A-A601-058B0ED184F8}
		{1B328D0B-A8E7-4F84-9044-4CF39E8EB5C4} = {3074C7C3-250F-427A-A601-058B0ED184F8}
		{BAA1C49D-46AB-49C1-A164-68D76298F098} = {9B628291-566C-4673-90BB-14355B25023A}
		{606FEE63-BBF3-4A36-B469-FA1ABFE9EB98} = {97EDF747-1920-48A7-B7B4-BD805E735E1C}
		{17CF2A07-77BD-1B4D-6554-D835FEC4204B} = {BF02F3ED-2C31-4005-8838-BE21A0E4EAD1}
		{366ECB26-414F-45A3-B758-4E49E3E796D6} = {02EA681E-C7D8-13C7-8484-4AC65E1B71E8}
		{1C184E30-9034-4948-A1F6-AD2334470240} = {366ECB26-414F-45A3-B758-4E49E3E796D6}
		{7ABBC988-6DA3-44AA-86B2-7D5E0602FC11} = {366ECB26-414F-45A3-B758-4E49E3E796D6}
		{79E4101F-FAA4-4B49-BB99-7E680C5C65BF} = {366ECB26-414F-45A3-B758-4E49E3E796D6}
		{A64EED4D-8029-477C-A612-8D616B7C76EC} = {366ECB26-414F-45A3-B758-4E49E3E796D6}
		{F1CE765C-1E88-45CC-83FD-925F5636DA73} = {366ECB26-414F-45A3-B758-4E49E3E796D6}
		{BED819E8-CEA5-499D-ABA6-729550DD2630} = {02EA681E-C7D8-13C7-8484-4AC65E1B71E8}
		{71E6CF1E-3997-465E-AA5F-2CAC1D9C3F06} = {BED819E8-CEA5-499D-ABA6-729550DD2630}
		{D0DF1501-7EF7-483C-8CDB-F947D59D5BF7} = {D56128B9-6DD8-4A13-A901-EA9477E81B2A}
	EndGlobalSection
	GlobalSection(ExtensibilityGlobals) = postSolution
		SolutionGuid = {A748B4CD-ECCE-4506-A537-3DC60BFF8529}
	EndGlobalSection
EndGlobal
